
Microsoft Visual Studio Solution File, Format Version 12.00
# Visual Studio 15
VisualStudioVersion = 15.0.28307.136
MinimumVisualStudioVersion = 10.0.40219.1
Project("{FAE04EC0-301F-11D3-BF4B-00C04F79EFBC}") = "StaticWebSiteMVC", "StaticWebSiteMVC\StaticWebSiteMVC.csproj", "{AA7669A9-E6BC-4DE3-8D8F-5E4E1ECD8CE5}"
EndProject
Global
	GlobalSection(SolutionConfigurationPlatforms) = preSolution
		Debug|Any CPU = Debug|Any CPU
		Release|Any CPU = Release|Any CPU
	EndGlobalSection
	GlobalSection(ProjectConfigurationPlatforms) = postSolution
		{AA7669A9-E6BC-4DE3-8D8F-5E4E1ECD8CE5}.Debug|Any CPU.ActiveCfg = Debug|Any CPU
		{AA7669A9-E6BC-4DE3-8D8F-5E4E1ECD8CE5}.Debug|Any CPU.Build.0 = Debug|Any CPU
		{AA7669A9-E6BC-4DE3-8D8F-5E4E1ECD8CE5}.Release|Any CPU.ActiveCfg = Release|Any CPU
		{AA7669A9-E6BC-4DE3-8D8F-5E4E1ECD8CE5}.Release|Any CPU.Build.0 = Release|Any CPU
	EndGlobalSection
	GlobalSection(SolutionProperties) = preSolution
		HideSolutionNode = FALSE
	EndGlobalSection
	GlobalSection(ExtensibilityGlobals) = postSolution
		SolutionGuid = {42119D92-23DD-4A99-8620-F1D9DF7AFF81}
	EndGlobalSection
EndGlobal
